# This file is automatically @generated by Cargo.
# It is not intended for manual editing.
version = 3

[[package]]
name = "bitflags"
version = "1.2.1"
source = "registry+https://github.com/rust-lang/crates.io-index"
checksum = "cf1de2fe8c75bc145a2f577add951f8134889b4795d47466a54a5c846d691693"

[[package]]
name = "csfml-audio-sys"
version = "0.6.0"
source = "git+https://github.com/Kolsky/rust-sfml?branch=experimental#1d1ead122c57428ba449299baaba3e8e81403096"
dependencies = [
 "csfml-system-sys",
 "sfml-build",
]

[[package]]
name = "csfml-graphics-sys"
version = "0.6.0"
source = "git+https://github.com/Kolsky/rust-sfml?branch=experimental#1d1ead122c57428ba449299baaba3e8e81403096"
dependencies = [
 "csfml-system-sys",
 "csfml-window-sys",
 "sfml-build",
]

[[package]]
name = "csfml-system-sys"
version = "0.6.0"
source = "git+https://github.com/Kolsky/rust-sfml?branch=experimental#1d1ead122c57428ba449299baaba3e8e81403096"
dependencies = [
 "sfml-build",
]

[[package]]
name = "csfml-window-sys"
version = "0.6.0"
source = "git+https://github.com/Kolsky/rust-sfml?branch=experimental#1d1ead122c57428ba449299baaba3e8e81403096"
dependencies = [
 "csfml-system-sys",
 "sfml-build",
]

[[package]]
name = "hound"
version = "3.4.0"
source = "registry+https://github.com/rust-lang/crates.io-index"
checksum = "8a164bb2ceaeff4f42542bdb847c41517c78a60f5649671b2a07312b6e117549"

[[package]]
name = "once_cell"
version = "1.8.0"
source = "registry+https://github.com/rust-lang/crates.io-index"
checksum = "692fcb63b64b1758029e0a96ee63e049ce8c5948587f2f7208df04625e5f6b56"

[[package]]
name = "sfml"
version = "0.16.0"
source = "git+https://github.com/Kolsky/rust-sfml?branch=experimental#1d1ead122c57428ba449299baaba3e8e81403096"
dependencies = [
 "bitflags",
 "csfml-audio-sys",
 "csfml-graphics-sys",
 "csfml-system-sys",
 "csfml-window-sys",
 "once_cell",
 "widestring",
]

[[package]]
name = "sfml-build"
version = "0.4.0"
source = "git+https://github.com/Kolsky/rust-sfml?branch=experimental#1d1ead122c57428ba449299baaba3e8e81403096"

[[package]]
name = "sfml_open_music"
version = "0.1.0"
dependencies = [
 "hound",
 "sfml",
]

[[package]]
name = "widestring"
version = "0.4.3"
source = "registry+https://github.com/rust-lang/crates.io-index"
checksum = "c168940144dd21fd8046987c16a46a33d5fc84eec29ef9dcddc2ac9e31526b7c"
